
Microsoft Visual Studio Solution File, Format Version 12.00
# Visual Studio Version 16
VisualStudioVersion = 16.0.29411.108
MinimumVisualStudioVersion = 10.0.40219.1
Project("{FAE04EC0-301F-11D3-BF4B-00C04F79EFBC}") = "Prob 1 Arrays and Lists", "Arrays and Lists\Prob 1 Arrays and Lists.csproj", "{7BB3BA7D-09EB-4324-BD9B-0AB495CDCBB8}"
EndProject
Project("{FAE04EC0-301F-11D3-BF4B-00C04F79EFBC}") = "Prob 2 Stacks and Queues", "Stacks and Queues\Prob 2 Stacks and Queues.csproj", "{B860744A-C077-4A76-9B3E-E86B81942D0B}"
EndProject
Project("{FAE04EC0-301F-11D3-BF4B-00C04F79EFBC}") = "Prob 3 Dictionary", "Dictionary\Prob 3 Dictionary.csproj", "{76A7D0C0-5BD4-4CD4-A111-00FD28FF121D}"
EndProject
Project("{FAE04EC0-301F-11D3-BF4B-00C04F79EFBC}") = "Prob 4 Linked List", "Prob 4 - Linked List\Prob 4 Linked List.csproj", "{884E6B59-6B64-4EDE-A0F1-6EA39B1A1D18}"
EndProject
Global
	GlobalSection(SolutionConfigurationPlatforms) = preSolution
		Debug|Any CPU = Debug|Any CPU
		Release|Any CPU = Release|Any CPU
	EndGlobalSection
	GlobalSection(ProjectConfigurationPlatforms) = postSolution
		{7BB3BA7D-09EB-4324-BD9B-0AB495CDCBB8}.Debug|Any CPU.ActiveCfg = Debug|Any CPU
		{7BB3BA7D-09EB-4324-BD9B-0AB495CDCBB8}.Debug|Any CPU.Build.0 = Debug|Any CPU
		{7BB3BA7D-09EB-4324-BD9B-0AB495CDCBB8}.Release|Any CPU.ActiveCfg = Release|Any CPU
		{7BB3BA7D-09EB-4324-BD9B-0AB495CDCBB8}.Release|Any CPU.Build.0 = Release|Any CPU
		{B860744A-C077-4A76-9B3E-E86B81942D0B}.Debug|Any CPU.ActiveCfg = Debug|Any CPU
		{B860744A-C077-4A76-9B3E-E86B81942D0B}.Debug|Any CPU.Build.0 = Debug|Any CPU
		{B860744A-C077-4A76-9B3E-E86B81942D0B}.Release|Any CPU.ActiveCfg = Release|Any CPU
		{B860744A-C077-4A76-9B3E-E86B81942D0B}.Release|Any CPU.Build.0 = Release|Any CPU
		{76A7D0C0-5BD4-4CD4-A111-00FD28FF121D}.Debug|Any CPU.ActiveCfg = Debug|Any CPU
		{76A7D0C0-5BD4-4CD4-A111-00FD28FF121D}.Debug|Any CPU.Build.0 = Debug|Any CPU
		{76A7D0C0-5BD4-4CD4-A111-00FD28FF121D}.Release|Any CPU.ActiveCfg = Release|Any CPU
		{76A7D0C0-5BD4-4CD4-A111-00FD28FF121D}.Release|Any CPU.Build.0 = Release|Any CPU
		{884E6B59-6B64-4EDE-A0F1-6EA39B1A1D18}.Debug|Any CPU.ActiveCfg = Debug|Any CPU
		{884E6B59-6B64-4EDE-A0F1-6EA39B1A1D18}.Debug|Any CPU.Build.0 = Debug|Any CPU
		{884E6B59-6B64-4EDE-A0F1-6EA39B1A1D18}.Release|Any CPU.ActiveCfg = Release|Any CPU
		{884E6B59-6B64-4EDE-A0F1-6EA39B1A1D18}.Release|Any CPU.Build.0 = Release|Any CPU
	EndGlobalSection
	GlobalSection(SolutionProperties) = preSolution
		HideSolutionNode = FALSE
	EndGlobalSection
	GlobalSection(ExtensibilityGlobals) = postSolution
		SolutionGuid = {676492F6-35E1-4AB5-8AA7-733C526AC686}
	EndGlobalSection
EndGlobal
